// !$*UTF8*$!
{
	archiveVersion = 1;
	classes = {
	};
	objectVersion = 46;
	objects = {

/* Begin PBXBuildFile section */
		6042B2BE1DB7C98600B80AF4 /* UIImage+ImageWithColor.m in Sources */ = {isa = PBXBuildFile; fileRef = 6042B2BD1DB7C98600B80AF4 /* UIImage+ImageWithColor.m */; };
		6042B2C51DB80F6800B80AF4 /* MBProgressHUD.m in Sources */ = {isa = PBXBuildFile; fileRef = 6042B2C41DB80F6800B80AF4 /* MBProgressHUD.m */; };
		6042E4351DB6A3C900CBF39F /* main.m in Sources */ = {isa = PBXBuildFile; fileRef = 6042E4341DB6A3C900CBF39F /* main.m */; };
		6042E4381DB6A3C900CBF39F /* AppDelegate.m in Sources */ = {isa = PBXBuildFile; fileRef = 6042E4371DB6A3C900CBF39F /* AppDelegate.m */; };
		6042E43B1DB6A3C900CBF39F /* ViewController.m in Sources */ = {isa = PBXBuildFile; fileRef = 6042E43A1DB6A3C900CBF39F /* ViewController.m */; };
		6042E43E1DB6A3C900CBF39F /* Main.storyboard in Resources */ = {isa = PBXBuildFile; fileRef = 6042E43C1DB6A3C900CBF39F /* Main.storyboard */; };
		6042E4401DB6A3C900CBF39F /* Assets.xcassets in Resources */ = {isa = PBXBuildFile; fileRef = 6042E43F1DB6A3C900CBF39F /* Assets.xcassets */; };
		6042E4431DB6A3C900CBF39F /* LaunchScreen.storyboard in Resources */ = {isa = PBXBuildFile; fileRef = 6042E4411DB6A3C900CBF39F /* LaunchScreen.storyboard */; };
		6042E46B1DB6A73600CBF39F /* SYFAPIManager.m in Sources */ = {isa = PBXBuildFile; fileRef = 6042E46A1DB6A73600CBF39F /* SYFAPIManager.m */; };
		6042E4701DB6AA1400CBF39F /* SYFButton.m in Sources */ = {isa = PBXBuildFile; fileRef = 6042E46F1DB6AA1400CBF39F /* SYFButton.m */; };
		6042E4751DB6AAE300CBF39F /* SYFButtonView.m in Sources */ = {isa = PBXBuildFile; fileRef = 6042E4741DB6AAE300CBF39F /* SYFButtonView.m */; };
		6042E47B1DB6BCEF00CBF39F /* UIColor+CustomColors.m in Sources */ = {isa = PBXBuildFile; fileRef = 6042E47A1DB6BCEF00CBF39F /* UIColor+CustomColors.m */; };
/* End PBXBuildFile section */

/* Begin PBXFileReference section */
		6042B2BC1DB7C98600B80AF4 /* UIImage+ImageWithColor.h */ = {isa = PBXFileReference; fileEncoding = 4; lastKnownFileType = sourcecode.c.h; path = "UIImage+ImageWithColor.h"; sourceTree = "<group>"; };
		6042B2BD1DB7C98600B80AF4 /* UIImage+ImageWithColor.m */ = {isa = PBXFileReference; fileEncoding = 4; lastKnownFileType = sourcecode.c.objc; path = "UIImage+ImageWithColor.m"; sourceTree = "<group>"; };
		6042B2C31DB80F6800B80AF4 /* MBProgressHUD.h */ = {isa = PBXFileReference; fileEncoding = 4; lastKnownFileType = sourcecode.c.h; path = MBProgressHUD.h; sourceTree = "<group>"; };
		6042B2C41DB80F6800B80AF4 /* MBProgressHUD.m */ = {isa = PBXFileReference; fileEncoding = 4; lastKnownFileType = sourcecode.c.objc; path = MBProgressHUD.m; sourceTree = "<group>"; };
		6042E4301DB6A3C900CBF39F /* Money2020iOSTest.app */ = {isa = PBXFileReference; explicitFileType = wrapper.application; includeInIndex = 0; path = Money2020iOSTest.app; sourceTree = BUILT_PRODUCTS_DIR; };
		6042E4341DB6A3C900CBF39F /* main.m */ = {isa = PBXFileReference; lastKnownFileType = sourcecode.c.objc; path = main.m; sourceTree = "<group>"; };
		6042E4361DB6A3C900CBF39F /* AppDelegate.h */ = {isa = PBXFileReference; lastKnownFileType = sourcecode.c.h; path = AppDelegate.h; sourceTree = "<group>"; };
		6042E4371DB6A3C900CBF39F /* AppDelegate.m */ = {isa = PBXFileReference; lastKnownFileType = sourcecode.c.objc; path = AppDelegate.m; sourceTree = "<group>"; };
		6042E4391DB6A3C900CBF39F /* ViewController.h */ = {isa = PBXFileReference; lastKnownFileType = sourcecode.c.h; path = ViewController.h; sourceTree = "<group>"; };
		6042E43A1DB6A3C900CBF39F /* ViewController.m */ = {isa = PBXFileReference; lastKnownFileType = sourcecode.c.objc; path = ViewController.m; sourceTree = "<group>"; };
		6042E43D1DB6A3C900CBF39F /* Base */ = {isa = PBXFileReference; lastKnownFileType = file.storyboard; name = Base; path = Base.lproj/Main.storyboard; sourceTree = "<group>"; };
		6042E43F1DB6A3C900CBF39F /* Assets.xcassets */ = {isa = PBXFileReference; lastKnownFileType = folder.assetcatalog; path = Assets.xcassets; sourceTree = "<group>"; };
		6042E4421DB6A3C900CBF39F /* Base */ = {isa = PBXFileReference; lastKnownFileType = file.storyboard; name = Base; path = Base.lproj/LaunchScreen.storyboard; sourceTree = "<group>"; };
		6042E4441DB6A3C900CBF39F /* Info.plist */ = {isa = PBXFileReference; lastKnownFileType = text.plist.xml; path = Info.plist; sourceTree = "<group>"; };
		6042E4691DB6A73600CBF39F /* SYFAPIManager.h */ = {isa = PBXFileReference; fileEncoding = 4; lastKnownFileType = sourcecode.c.h; path = SYFAPIManager.h; sourceTree = "<group>"; };
		6042E46A1DB6A73600CBF39F /* SYFAPIManager.m */ = {isa = PBXFileReference; fileEncoding = 4; lastKnownFileType = sourcecode.c.objc; path = SYFAPIManager.m; sourceTree = "<group>"; };
		6042E46E1DB6AA1400CBF39F /* SYFButton.h */ = {isa = PBXFileReference; fileEncoding = 4; lastKnownFileType = sourcecode.c.h; path = SYFButton.h; sourceTree = "<group>"; };
		6042E46F1DB6AA1400CBF39F /* SYFButton.m */ = {isa = PBXFileReference; fileEncoding = 4; lastKnownFileType = sourcecode.c.objc; path = SYFButton.m; sourceTree = "<group>"; };
		6042E4731DB6AAE300CBF39F /* SYFButtonView.h */ = {isa = PBXFileReference; fileEncoding = 4; lastKnownFileType = sourcecode.c.h; path = SYFButtonView.h; sourceTree = "<group>"; };
		6042E4741DB6AAE300CBF39F /* SYFButtonView.m */ = {isa = PBXFileReference; fileEncoding = 4; lastKnownFileType = sourcecode.c.objc; path = SYFButtonView.m; sourceTree = "<group>"; };
		6042E4781DB6B82000CBF39F /* Constants.h */ = {isa = PBXFileReference; fileEncoding = 4; lastKnownFileType = sourcecode.c.h; path = Constants.h; sourceTree = "<group>"; };
		6042E4791DB6BCEF00CBF39F /* UIColor+CustomColors.h */ = {isa = PBXFileReference; fileEncoding = 4; lastKnownFileType = sourcecode.c.h; path = "UIColor+CustomColors.h"; sourceTree = "<group>"; };
		6042E47A1DB6BCEF00CBF39F /* UIColor+CustomColors.m */ = {isa = PBXFileReference; fileEncoding = 4; lastKnownFileType = sourcecode.c.objc; path = "UIColor+CustomColors.m"; sourceTree = "<group>"; };
/* End PBXFileReference section */

/* Begin PBXFrameworksBuildPhase section */
		6042E42D1DB6A3C900CBF39F /* Frameworks */ = {
			isa = PBXFrameworksBuildPhase;
			buildActionMask = 2147483647;
			files = (
			);
			runOnlyForDeploymentPostprocessing = 0;
		};
/* End PBXFrameworksBuildPhase section */

/* Begin PBXGroup section */
		6042B2B11DB7C7A800B80AF4 /* Categories */ = {
			isa = PBXGroup;
			children = (
				6042E4791DB6BCEF00CBF39F /* UIColor+CustomColors.h */,
				6042E47A1DB6BCEF00CBF39F /* UIColor+CustomColors.m */,
				6042B2BC1DB7C98600B80AF4 /* UIImage+ImageWithColor.h */,
				6042B2BD1DB7C98600B80AF4 /* UIImage+ImageWithColor.m */,
			);
			name = Categories;
			sourceTree = "<group>";
		};
		6042B2C21DB80F5400B80AF4 /* Dependencies */ = {
			isa = PBXGroup;
			children = (
				6042B2C31DB80F6800B80AF4 /* MBProgressHUD.h */,
				6042B2C41DB80F6800B80AF4 /* MBProgressHUD.m */,
			);
			name = Dependencies;
			sourceTree = "<group>";
		};
		6042E4271DB6A3C900CBF39F = {
			isa = PBXGroup;
			children = (
				6042E4321DB6A3C900CBF39F /* Money2020iOSTest */,
				6042E4311DB6A3C900CBF39F /* Products */,
			);
			sourceTree = "<group>";
		};
		6042E4311DB6A3C900CBF39F /* Products */ = {
			isa = PBXGroup;
			children = (
				6042E4301DB6A3C900CBF39F /* Money2020iOSTest.app */,
			);
			name = Products;
			sourceTree = "<group>";
		};
		6042E4321DB6A3C900CBF39F /* Money2020iOSTest */ = {
			isa = PBXGroup;
			children = (
				6042B2B11DB7C7A800B80AF4 /* Categories */,
				6042B2C21DB80F5400B80AF4 /* Dependencies */,
				6042E4661DB6A4B400CBF39F /* Model */,
				6042E4671DB6A4BD00CBF39F /* View */,
				6042E4681DB6A4C300CBF39F /* Controller */,
				6042E4361DB6A3C900CBF39F /* AppDelegate.h */,
				6042E4371DB6A3C900CBF39F /* AppDelegate.m */,
				6042E43C1DB6A3C900CBF39F /* Main.storyboard */,
				6042E43F1DB6A3C900CBF39F /* Assets.xcassets */,
				6042E4411DB6A3C900CBF39F /* LaunchScreen.storyboard */,
				6042E4441DB6A3C900CBF39F /* Info.plist */,
				6042E4331DB6A3C900CBF39F /* Supporting Files */,
				6042E4781DB6B82000CBF39F /* Constants.h */,
			);
			path = Money2020iOSTest;
			sourceTree = "<group>";
		};
		6042E4331DB6A3C900CBF39F /* Supporting Files */ = {
			isa = PBXGroup;
			children = (
				6042E4341DB6A3C900CBF39F /* main.m */,
			);
			name = "Supporting Files";
			sourceTree = "<group>";
		};
		6042E4661DB6A4B400CBF39F /* Model */ = {
			isa = PBXGroup;
			children = (
				6042E4691DB6A73600CBF39F /* SYFAPIManager.h */,
				6042E46A1DB6A73600CBF39F /* SYFAPIManager.m */,
			);
			name = Model;
			sourceTree = "<group>";
		};
		6042E4671DB6A4BD00CBF39F /* View */ = {
			isa = PBXGroup;
			children = (
				6042E4731DB6AAE300CBF39F /* SYFButtonView.h */,
				6042E4741DB6AAE300CBF39F /* SYFButtonView.m */,
				6042E46E1DB6AA1400CBF39F /* SYFButton.h */,
				6042E46F1DB6AA1400CBF39F /* SYFButton.m */,
			);
			name = View;
			sourceTree = "<group>";
		};
		6042E4681DB6A4C300CBF39F /* Controller */ = {
			isa = PBXGroup;
			children = (
				6042E4391DB6A3C900CBF39F /* ViewController.h */,
				6042E43A1DB6A3C900CBF39F /* ViewController.m */,
			);
			name = Controller;
			sourceTree = "<group>";
		};
/* End PBXGroup section */

/* Begin PBXNativeTarget section */
		6042E42F1DB6A3C900CBF39F /* Money2020iOSTest */ = {
			isa = PBXNativeTarget;
			buildConfigurationList = 6042E45D1DB6A3CA00CBF39F /* Build configuration list for PBXNativeTarget "Money2020iOSTest" */;
			buildPhases = (
				6042E42C1DB6A3C900CBF39F /* Sources */,
				6042E42D1DB6A3C900CBF39F /* Frameworks */,
				6042E42E1DB6A3C900CBF39F /* Resources */,
			);
			buildRules = (
			);
			dependencies = (
			);
			name = Money2020iOSTest;
			productName = Money2020iOSTest;
			productReference = 6042E4301DB6A3C900CBF39F /* Money2020iOSTest.app */;
			productType = "com.apple.product-type.application";
		};
/* End PBXNativeTarget section */

/* Begin PBXProject section */
		6042E4281DB6A3C900CBF39F /* Project object */ = {
			isa = PBXProject;
			attributes = {
				LastUpgradeCheck = 0800;
				ORGANIZATIONNAME = "Handelman, Steven (Synchrony Financial)";
				TargetAttributes = {
					6042E42F1DB6A3C900CBF39F = {
						CreatedOnToolsVersion = 8.0;
						DevelopmentTeam = FSKDLFC2L2;
						ProvisioningStyle = Automatic;
					};
				};
			};
			buildConfigurationList = 6042E42B1DB6A3C900CBF39F /* Build configuration list for PBXProject "Money2020iOSTest" */;
			compatibilityVersion = "Xcode 3.2";
			developmentRegion = English;
			hasScannedForEncodings = 0;
			knownRegions = (
				en,
				Base,
			);
			mainGroup = 6042E4271DB6A3C900CBF39F;
			productRefGroup = 6042E4311DB6A3C900CBF39F /* Products */;
			projectDirPath = "";
			projectRoot = "";
			targets = (
				6042E42F1DB6A3C900CBF39F /* Money2020iOSTest */,
			);
		};
/* End PBXProject section */

/* Begin PBXResourcesBuildPhase section */
		6042E42E1DB6A3C900CBF39F /* Resources */ = {
			isa = PBXResourcesBuildPhase;
			buildActionMask = 2147483647;
			files = (
				6042E4431DB6A3C900CBF39F /* LaunchScreen.storyboard in Resources */,
				6042E4401DB6A3C900CBF39F /* Assets.xcassets in Resources */,
				6042E43E1DB6A3C900CBF39F /* Main.storyboard in Resources */,
			);
			runOnlyForDeploymentPostprocessing = 0;
		};
/* End PBXResourcesBuildPhase section */

/* Begin PBXSourcesBuildPhase section */
		6042E42C1DB6A3C900CBF39F /* Sources */ = {
			isa = PBXSourcesBuildPhase;
			buildActionMask = 2147483647;
			files = (
				6042E43B1DB6A3C900CBF39F /* ViewController.m in Sources */,
				6042E46B1DB6A73600CBF39F /* SYFAPIManager.m in Sources */,
				6042E4381DB6A3C900CBF39F /* AppDelegate.m in Sources */,
				6042E4751DB6AAE300CBF39F /* SYFButtonView.m in Sources */,
				6042B2C51DB80F6800B80AF4 /* MBProgressHUD.m in Sources */,
				6042E4701DB6AA1400CBF39F /* SYFButton.m in Sources */,
				6042B2BE1DB7C98600B80AF4 /* UIImage+ImageWithColor.m in Sources */,
				6042E4351DB6A3C900CBF39F /* main.m in Sources */,
				6042E47B1DB6BCEF00CBF39F /* UIColor+CustomColors.m in Sources */,
			);
			runOnlyForDeploymentPostprocessing = 0;
		};
/* End PBXSourcesBuildPhase section */

/* Begin PBXVariantGroup section */
		6042E43C1DB6A3C900CBF39F /* Main.storyboard */ = {
			isa = PBXVariantGroup;
			children = (
				6042E43D1DB6A3C900CBF39F /* Base */,
			);
			name = Main.storyboard;
			sourceTree = "<group>";
		};
		6042E4411DB6A3C900CBF39F /* LaunchScreen.storyboard */ = {
			isa = PBXVariantGroup;
			children = (
				6042E4421DB6A3C900CBF39F /* Base */,
			);
			name = LaunchScreen.storyboard;
			sourceTree = "<group>";
		};
/* End PBXVariantGroup section */

/* Begin XCBuildConfiguration section */
		6042E45B1DB6A3CA00CBF39F /* Debug */ = {
			isa = XCBuildConfiguration;
			buildSettings = {
				ALWAYS_SEARCH_USER_PATHS = NO;
				CLANG_ANALYZER_NONNULL = YES;
				CLANG_CXX_LANGUAGE_STANDARD = "gnu++0x";
				CLANG_CXX_LIBRARY = "libc++";
				CLANG_ENABLE_MODULES = YES;
				CLANG_ENABLE_OBJC_ARC = YES;
				CLANG_WARN_BOOL_CONVERSION = YES;
				CLANG_WARN_CONSTANT_CONVERSION = YES;
				CLANG_WARN_DIRECT_OBJC_ISA_USAGE = YES_ERROR;
				CLANG_WARN_DOCUMENTATION_COMMENTS = YES;
				CLANG_WARN_EMPTY_BODY = YES;
				CLANG_WARN_ENUM_CONVERSION = YES;
				CLANG_WARN_INFINITE_RECURSION = YES;
				CLANG_WARN_INT_CONVERSION = YES;
				CLANG_WARN_OBJC_ROOT_CLASS = YES_ERROR;
				CLANG_WARN_SUSPICIOUS_MOVES = YES;
				CLANG_WARN_UNREACHABLE_CODE = YES;
				CLANG_WARN__DUPLICATE_METHOD_MATCH = YES;
				"CODE_SIGN_IDENTITY[sdk=iphoneos*]" = "iPhone Developer";
				COPY_PHASE_STRIP = NO;
				DEBUG_INFORMATION_FORMAT = dwarf;
				ENABLE_STRICT_OBJC_MSGSEND = YES;
				ENABLE_TESTABILITY = YES;
				GCC_C_LANGUAGE_STANDARD = gnu99;
				GCC_DYNAMIC_NO_PIC = NO;
				GCC_NO_COMMON_BLOCKS = YES;
				GCC_OPTIMIZATION_LEVEL = 0;
				GCC_PREPROCESSOR_DEFINITIONS = (
					"DEBUG=1",
					"$(inherited)",
				);
				GCC_WARN_64_TO_32_BIT_CONVERSION = YES;
				GCC_WARN_ABOUT_RETURN_TYPE = YES_ERROR;
				GCC_WARN_UNDECLARED_SELECTOR = YES;
				GCC_WARN_UNINITIALIZED_AUTOS = YES_AGGRESSIVE;
				GCC_WARN_UNUSED_FUNCTION = YES;
				GCC_WARN_UNUSED_VARIABLE = YES;
				IPHONEOS_DEPLOYMENT_TARGET = 10.0;
				MTL_ENABLE_DEBUG_INFO = YES;
				ONLY_ACTIVE_ARCH = YES;
				SDKROOT = iphoneos;
				TARGETED_DEVICE_FAMILY = "1,2";
			};
			name = Debug;
		};
		6042E45C1DB6A3CA00CBF39F /* Release */ = {
			isa = XCBuildConfiguration;
			buildSettings = {
				ALWAYS_SEARCH_USER_PATHS = NO;
				CLANG_ANALYZER_NONNULL = YES;
				CLANG_CXX_LANGUAGE_STANDARD = "gnu++0x";
				CLANG_CXX_LIBRARY = "libc++";
				CLANG_ENABLE_MODULES = YES;
				CLANG_ENABLE_OBJC_ARC = YES;
				CLANG_WARN_BOOL_CONVERSION = YES;
				CLANG_WARN_CONSTANT_CONVERSION = YES;
				CLANG_WARN_DIRECT_OBJC_ISA_USAGE = YES_ERROR;
				CLANG_WARN_DOCUMENTATION_COMMENTS = YES;
				CLANG_WARN_EMPTY_BODY = YES;
				CLANG_WARN_ENUM_CONVERSION = YES;
				CLANG_WARN_INFINITE_RECURSION = YES;
				CLANG_WARN_INT_CONVERSION = YES;
				CLANG_WARN_OBJC_ROOT_CLASS = YES_ERROR;
				CLANG_WARN_SUSPICIOUS_MOVES = YES;
				CLANG_WARN_UNREACHABLE_CODE = YES;
				CLANG_WARN__DUPLICATE_METHOD_MATCH = YES;
				"CODE_SIGN_IDENTITY[sdk=iphoneos*]" = "iPhone Developer";
				COPY_PHASE_STRIP = NO;
				DEBUG_INFORMATION_FORMAT = "dwarf-with-dsym";
				ENABLE_NS_ASSERTIONS = NO;
				ENABLE_STRICT_OBJC_MSGSEND = YES;
				GCC_C_LANGUAGE_STANDARD = gnu99;
				GCC_NO_COMMON_BLOCKS = YES;
				GCC_WARN_64_TO_32_BIT_CONVERSION = YES;
				GCC_WARN_ABOUT_RETURN_TYPE = YES_ERROR;
				GCC_WARN_UNDECLARED_SELECTOR = YES;
				GCC_WARN_UNINITIALIZED_AUTOS = YES_AGGRESSIVE;
				GCC_WARN_UNUSED_FUNCTION = YES;
				GCC_WARN_UNUSED_VARIABLE = YES;
				IPHONEOS_DEPLOYMENT_TARGET = 10.0;
				MTL_ENABLE_DEBUG_INFO = NO;
				SDKROOT = iphoneos;
				TARGETED_DEVICE_FAMILY = "1,2";
				VALIDATE_PRODUCT = YES;
			};
			name = Release;
		};
		6042E45E1DB6A3CA00CBF39F /* Debug */ = {
			isa = XCBuildConfiguration;
			buildSettings = {
				ASSETCATALOG_COMPILER_APPICON_NAME = AppIcon;
				DEVELOPMENT_TEAM = FSKDLFC2L2;
				INFOPLIST_FILE = Money2020iOSTest/Info.plist;
				LD_RUNPATH_SEARCH_PATHS = "$(inherited) @executable_path/Frameworks";
				PRODUCT_BUNDLE_IDENTIFIER = com.syf.Money2020iOSTest;
				PRODUCT_NAME = "$(TARGET_NAME)";
			};
			name = Debug;
		};
		6042E45F1DB6A3CA00CBF39F /* Release */ = {
			isa = XCBuildConfiguration;
			buildSettings = {
				ASSETCATALOG_COMPILER_APPICON_NAME = AppIcon;
				DEVELOPMENT_TEAM = FSKDLFC2L2;
				INFOPLIST_FILE = Money2020iOSTest/Info.plist;
				LD_RUNPATH_SEARCH_PATHS = "$(inherited) @executable_path/Frameworks";
				PRODUCT_BUNDLE_IDENTIFIER = com.syf.Money2020iOSTest;
				PRODUCT_NAME = "$(TARGET_NAME)";
			};
			name = Release;
		};
/* End XCBuildConfiguration section */

/* Begin XCConfigurationList section */
		6042E42B1DB6A3C900CBF39F /* Build configuration list for PBXProject "Money2020iOSTest" */ = {
			isa = XCConfigurationList;
			buildConfigurations = (
				6042E45B1DB6A3CA00CBF39F /* Debug */,
				6042E45C1DB6A3CA00CBF39F /* Release */,
			);
			defaultConfigurationIsVisible = 0;
			defaultConfigurationName = Release;
		};
		6042E45D1DB6A3CA00CBF39F /* Build configuration list for PBXNativeTarget "Money2020iOSTest" */ = {
			isa = XCConfigurationList;
			buildConfigurations = (
				6042E45E1DB6A3CA00CBF39F /* Debug */,
				6042E45F1DB6A3CA00CBF39F /* Release */,
			);
			defaultConfigurationIsVisible = 0;
			defaultConfigurationName = Release;
		};
/* End XCConfigurationList section */
	};
	rootObject = 6042E4281DB6A3C900CBF39F /* Project object */;
}
