// !$*UTF8*$!
{
	archiveVersion = 1;
	classes = {
	};
	objectVersion = 46;
	objects = {

/* Begin PBXBuildFile section */
		606402471DB9396D00F0A049 /* AppDelegate.swift in Sources */ = {isa = PBXBuildFile; fileRef = 606402461DB9396D00F0A049 /* AppDelegate.swift */; };
		606402491DB9396D00F0A049 /* ViewController.swift in Sources */ = {isa = PBXBuildFile; fileRef = 606402481DB9396D00F0A049 /* ViewController.swift */; };
		6064024C1DB9396D00F0A049 /* Main.storyboard in Resources */ = {isa = PBXBuildFile; fileRef = 6064024A1DB9396D00F0A049 /* Main.storyboard */; };
		6064024E1DB9396D00F0A049 /* Assets.xcassets in Resources */ = {isa = PBXBuildFile; fileRef = 6064024D1DB9396D00F0A049 /* Assets.xcassets */; };
		606402511DB9396D00F0A049 /* LaunchScreen.storyboard in Resources */ = {isa = PBXBuildFile; fileRef = 6064024F1DB9396D00F0A049 /* LaunchScreen.storyboard */; };
/* End PBXBuildFile section */

/* Begin PBXFileReference section */
		606402431DB9396D00F0A049 /* Money2020Swift.app */ = {isa = PBXFileReference; explicitFileType = wrapper.application; includeInIndex = 0; path = Money2020Swift.app; sourceTree = BUILT_PRODUCTS_DIR; };
		606402461DB9396D00F0A049 /* AppDelegate.swift */ = {isa = PBXFileReference; lastKnownFileType = sourcecode.swift; path = AppDelegate.swift; sourceTree = "<group>"; };
		606402481DB9396D00F0A049 /* ViewController.swift */ = {isa = PBXFileReference; lastKnownFileType = sourcecode.swift; path = ViewController.swift; sourceTree = "<group>"; };
		6064024B1DB9396D00F0A049 /* Base */ = {isa = PBXFileReference; lastKnownFileType = file.storyboard; name = Base; path = Base.lproj/Main.storyboard; sourceTree = "<group>"; };
		6064024D1DB9396D00F0A049 /* Assets.xcassets */ = {isa = PBXFileReference; lastKnownFileType = folder.assetcatalog; path = Assets.xcassets; sourceTree = "<group>"; };
		606402501DB9396D00F0A049 /* Base */ = {isa = PBXFileReference; lastKnownFileType = file.storyboard; name = Base; path = Base.lproj/LaunchScreen.storyboard; sourceTree = "<group>"; };
		606402521DB9396D00F0A049 /* Info.plist */ = {isa = PBXFileReference; lastKnownFileType = text.plist.xml; path = Info.plist; sourceTree = "<group>"; };
/* End PBXFileReference section */

/* Begin PBXFrameworksBuildPhase section */
		606402401DB9396D00F0A049 /* Frameworks */ = {
			isa = PBXFrameworksBuildPhase;
			buildActionMask = 2147483647;
			files = (
			);
			runOnlyForDeploymentPostprocessing = 0;
		};
/* End PBXFrameworksBuildPhase section */

/* Begin PBXGroup section */
		6064023A1DB9396D00F0A049 = {
			isa = PBXGroup;
			children = (
				606402451DB9396D00F0A049 /* Money2020Swift */,
				606402441DB9396D00F0A049 /* Products */,
			);
			sourceTree = "<group>";
		};
		606402441DB9396D00F0A049 /* Products */ = {
			isa = PBXGroup;
			children = (
				606402431DB9396D00F0A049 /* Money2020Swift.app */,
			);
			name = Products;
			sourceTree = "<group>";
		};
		606402451DB9396D00F0A049 /* Money2020Swift */ = {
			isa = PBXGroup;
			children = (
				606402461DB9396D00F0A049 /* AppDelegate.swift */,
				606402481DB9396D00F0A049 /* ViewController.swift */,
				6064024A1DB9396D00F0A049 /* Main.storyboard */,
				6064024D1DB9396D00F0A049 /* Assets.xcassets */,
				6064024F1DB9396D00F0A049 /* LaunchScreen.storyboard */,
				606402521DB9396D00F0A049 /* Info.plist */,
			);
			path = Money2020Swift;
			sourceTree = "<group>";
		};
/* End PBXGroup section */

/* Begin PBXNativeTarget section */
		606402421DB9396D00F0A049 /* Money2020Swift */ = {
			isa = PBXNativeTarget;
			buildConfigurationList = 606402551DB9396D00F0A049 /* Build configuration list for PBXNativeTarget "Money2020Swift" */;
			buildPhases = (
				6064023F1DB9396D00F0A049 /* Sources */,
				606402401DB9396D00F0A049 /* Frameworks */,
				606402411DB9396D00F0A049 /* Resources */,
			);
			buildRules = (
			);
			dependencies = (
			);
			name = Money2020Swift;
			productName = Money2020Swift;
			productReference = 606402431DB9396D00F0A049 /* Money2020Swift.app */;
			productType = "com.apple.product-type.application";
		};
/* End PBXNativeTarget section */

/* Begin PBXProject section */
		6064023B1DB9396D00F0A049 /* Project object */ = {
			isa = PBXProject;
			attributes = {
				LastSwiftUpdateCheck = 0800;
				LastUpgradeCheck = 0800;
				ORGANIZATIONNAME = "Handelman, Steven (Synchrony Financial)";
				TargetAttributes = {
					606402421DB9396D00F0A049 = {
						CreatedOnToolsVersion = 8.0;
						DevelopmentTeam = JCTZX9T29G;
						ProvisioningStyle = Automatic;
					};
				};
			};
			buildConfigurationList = 6064023E1DB9396D00F0A049 /* Build configuration list for PBXProject "Money2020Swift" */;
			compatibilityVersion = "Xcode 3.2";
			developmentRegion = English;
			hasScannedForEncodings = 0;
			knownRegions = (
				en,
				Base,
			);
			mainGroup = 6064023A1DB9396D00F0A049;
			productRefGroup = 606402441DB9396D00F0A049 /* Products */;
			projectDirPath = "";
			projectRoot = "";
			targets = (
				606402421DB9396D00F0A049 /* Money2020Swift */,
			);
		};
/* End PBXProject section */

/* Begin PBXResourcesBuildPhase section */
		606402411DB9396D00F0A049 /* Resources */ = {
			isa = PBXResourcesBuildPhase;
			buildActionMask = 2147483647;
			files = (
				606402511DB9396D00F0A049 /* LaunchScreen.storyboard in Resources */,
				6064024E1DB9396D00F0A049 /* Assets.xcassets in Resources */,
				6064024C1DB9396D00F0A049 /* Main.storyboard in Resources */,
			);
			runOnlyForDeploymentPostprocessing = 0;
		};
/* End PBXResourcesBuildPhase section */

/* Begin PBXSourcesBuildPhase section */
		6064023F1DB9396D00F0A049 /* Sources */ = {
			isa = PBXSourcesBuildPhase;
			buildActionMask = 2147483647;
			files = (
				606402491DB9396D00F0A049 /* ViewController.swift in Sources */,
				606402471DB9396D00F0A049 /* AppDelegate.swift in Sources */,
			);
			runOnlyForDeploymentPostprocessing = 0;
		};
/* End PBXSourcesBuildPhase section */

/* Begin PBXVariantGroup section */
		6064024A1DB9396D00F0A049 /* Main.storyboard */ = {
			isa = PBXVariantGroup;
			children = (
				6064024B1DB9396D00F0A049 /* Base */,
			);
			name = Main.storyboard;
			sourceTree = "<group>";
		};
		6064024F1DB9396D00F0A049 /* LaunchScreen.storyboard */ = {
			isa = PBXVariantGroup;
			children = (
				606402501DB9396D00F0A049 /* Base */,
			);
			name = LaunchScreen.storyboard;
			sourceTree = "<group>";
		};
/* End PBXVariantGroup section */

/* Begin XCBuildConfiguration section */
		606402531DB9396D00F0A049 /* Debug */ = {
			isa = XCBuildConfiguration;
			buildSettings = {
				ALWAYS_SEARCH_USER_PATHS = NO;
				CLANG_ANALYZER_NONNULL = YES;
				CLANG_CXX_LANGUAGE_STANDARD = "gnu++0x";
				CLANG_CXX_LIBRARY = "libc++";
				CLANG_ENABLE_MODULES = YES;
				CLANG_ENABLE_OBJC_ARC = YES;
				CLANG_WARN_BOOL_CONVERSION = YES;
				CLANG_WARN_CONSTANT_CONVERSION = YES;
				CLANG_WARN_DIRECT_OBJC_ISA_USAGE = YES_ERROR;
				CLANG_WARN_DOCUMENTATION_COMMENTS = YES;
				CLANG_WARN_EMPTY_BODY = YES;
				CLANG_WARN_ENUM_CONVERSION = YES;
				CLANG_WARN_INFINITE_RECURSION = YES;
				CLANG_WARN_INT_CONVERSION = YES;
				CLANG_WARN_OBJC_ROOT_CLASS = YES_ERROR;
				CLANG_WARN_SUSPICIOUS_MOVES = YES;
				CLANG_WARN_UNREACHABLE_CODE = YES;
				CLANG_WARN__DUPLICATE_METHOD_MATCH = YES;
				"CODE_SIGN_IDENTITY[sdk=iphoneos*]" = "iPhone Developer";
				COPY_PHASE_STRIP = NO;
				DEBUG_INFORMATION_FORMAT = dwarf;
				ENABLE_STRICT_OBJC_MSGSEND = YES;
				ENABLE_TESTABILITY = YES;
				GCC_C_LANGUAGE_STANDARD = gnu99;
				GCC_DYNAMIC_NO_PIC = NO;
				GCC_NO_COMMON_BLOCKS = YES;
				GCC_OPTIMIZATION_LEVEL = 0;
				GCC_PREPROCESSOR_DEFINITIONS = (
					"DEBUG=1",
					"$(inherited)",
				);
				GCC_WARN_64_TO_32_BIT_CONVERSION = YES;
				GCC_WARN_ABOUT_RETURN_TYPE = YES_ERROR;
				GCC_WARN_UNDECLARED_SELECTOR = YES;
				GCC_WARN_UNINITIALIZED_AUTOS = YES_AGGRESSIVE;
				GCC_WARN_UNUSED_FUNCTION = YES;
				GCC_WARN_UNUSED_VARIABLE = YES;
				IPHONEOS_DEPLOYMENT_TARGET = 10.0;
				MTL_ENABLE_DEBUG_INFO = YES;
				ONLY_ACTIVE_ARCH = YES;
				SDKROOT = iphoneos;
				SWIFT_ACTIVE_COMPILATION_CONDITIONS = DEBUG;
				SWIFT_OPTIMIZATION_LEVEL = "-Onone";
				TARGETED_DEVICE_FAMILY = "1,2";
			};
			name = Debug;
		};
		606402541DB9396D00F0A049 /* Release */ = {
			isa = XCBuildConfiguration;
			buildSettings = {
				ALWAYS_SEARCH_USER_PATHS = NO;
				CLANG_ANALYZER_NONNULL = YES;
				CLANG_CXX_LANGUAGE_STANDARD = "gnu++0x";
				CLANG_CXX_LIBRARY = "libc++";
				CLANG_ENABLE_MODULES = YES;
				CLANG_ENABLE_OBJC_ARC = YES;
				CLANG_WARN_BOOL_CONVERSION = YES;
				CLANG_WARN_CONSTANT_CONVERSION = YES;
				CLANG_WARN_DIRECT_OBJC_ISA_USAGE = YES_ERROR;
				CLANG_WARN_DOCUMENTATION_COMMENTS = YES;
				CLANG_WARN_EMPTY_BODY = YES;
				CLANG_WARN_ENUM_CONVERSION = YES;
				CLANG_WARN_INFINITE_RECURSION = YES;
				CLANG_WARN_INT_CONVERSION = YES;
				CLANG_WARN_OBJC_ROOT_CLASS = YES_ERROR;
				CLANG_WARN_SUSPICIOUS_MOVES = YES;
				CLANG_WARN_UNREACHABLE_CODE = YES;
				CLANG_WARN__DUPLICATE_METHOD_MATCH = YES;
				"CODE_SIGN_IDENTITY[sdk=iphoneos*]" = "iPhone Developer";
				COPY_PHASE_STRIP = NO;
				DEBUG_INFORMATION_FORMAT = "dwarf-with-dsym";
				ENABLE_NS_ASSERTIONS = NO;
				ENABLE_STRICT_OBJC_MSGSEND = YES;
				GCC_C_LANGUAGE_STANDARD = gnu99;
				GCC_NO_COMMON_BLOCKS = YES;
				GCC_WARN_64_TO_32_BIT_CONVERSION = YES;
				GCC_WARN_ABOUT_RETURN_TYPE = YES_ERROR;
				GCC_WARN_UNDECLARED_SELECTOR = YES;
				GCC_WARN_UNINITIALIZED_AUTOS = YES_AGGRESSIVE;
				GCC_WARN_UNUSED_FUNCTION = YES;
				GCC_WARN_UNUSED_VARIABLE = YES;
				IPHONEOS_DEPLOYMENT_TARGET = 10.0;
				MTL_ENABLE_DEBUG_INFO = NO;
				SDKROOT = iphoneos;
				SWIFT_OPTIMIZATION_LEVEL = "-Owholemodule";
				TARGETED_DEVICE_FAMILY = "1,2";
				VALIDATE_PRODUCT = YES;
			};
			name = Release;
		};
		606402561DB9396D00F0A049 /* Debug */ = {
			isa = XCBuildConfiguration;
			buildSettings = {
				ASSETCATALOG_COMPILER_APPICON_NAME = AppIcon;
				DEVELOPMENT_TEAM = JCTZX9T29G;
				INFOPLIST_FILE = Money2020Swift/Info.plist;
				LD_RUNPATH_SEARCH_PATHS = "$(inherited) @executable_path/Frameworks";
				PRODUCT_BUNDLE_IDENTIFIER = com.syf.Money2020Swift;
				PRODUCT_NAME = "$(TARGET_NAME)";
				SWIFT_VERSION = 3.0;
			};
			name = Debug;
		};
		606402571DB9396D00F0A049 /* Release */ = {
			isa = XCBuildConfiguration;
			buildSettings = {
				ASSETCATALOG_COMPILER_APPICON_NAME = AppIcon;
				DEVELOPMENT_TEAM = JCTZX9T29G;
				INFOPLIST_FILE = Money2020Swift/Info.plist;
				LD_RUNPATH_SEARCH_PATHS = "$(inherited) @executable_path/Frameworks";
				PRODUCT_BUNDLE_IDENTIFIER = com.syf.Money2020Swift;
				PRODUCT_NAME = "$(TARGET_NAME)";
				SWIFT_VERSION = 3.0;
			};
			name = Release;
		};
/* End XCBuildConfiguration section */

/* Begin XCConfigurationList section */
		6064023E1DB9396D00F0A049 /* Build configuration list for PBXProject "Money2020Swift" */ = {
			isa = XCConfigurationList;
			buildConfigurations = (
				606402531DB9396D00F0A049 /* Debug */,
				606402541DB9396D00F0A049 /* Release */,
			);
			defaultConfigurationIsVisible = 0;
			defaultConfigurationName = Release;
		};
		606402551DB9396D00F0A049 /* Build configuration list for PBXNativeTarget "Money2020Swift" */ = {
			isa = XCConfigurationList;
			buildConfigurations = (
				606402561DB9396D00F0A049 /* Debug */,
				606402571DB9396D00F0A049 /* Release */,
			);
			defaultConfigurationIsVisible = 0;
		};
/* End XCConfigurationList section */
	};
	rootObject = 6064023B1DB9396D00F0A049 /* Project object */;
}
